
Microsoft Visual Studio Solution File, Format Version 12.00
# Visual Studio Version 17
VisualStudioVersion = 17.6.33829.357
MinimumVisualStudioVersion = 10.0.40219.1
Project("{9A19103F-16F7-4668-BE54-9A1E7A4F7556}") = "INTEC", "INTEC.csproj", "{B0BEA72E-16C8-4413-BB07-1D824E96429C}"
EndProject
Project("{FAE04EC0-301F-11D3-BF4B-00C04F79EFBC}") = "INTEC.CORE", "..\INTEC.CORE\INTEC.CORE.csproj", "{4611D48C-9867-4C89-8231-3AD8461E442D}"
EndProject
Project("{FAE04EC0-301F-11D3-BF4B-00C04F79EFBC}") = "INTEC.INFRASTRUCTURE", "..\INTEC.INFRASTRUCTURE\INTEC.INFRASTRUCTURE.csproj", "{19571AF4-2E75-47FE-B15F-B405B4A685B1}"
EndProject
Project("{2150E333-8FDC-42A3-9474-1A3956D46DE8}") = "src", "src", "{5B9234D7-0A71-4934-8C61-3F3763EE6596}"
EndProject
Project("{2150E333-8FDC-42A3-9474-1A3956D46DE8}") = "test", "test", "{35CA9952-A178-44EB-8EBB-7BB656DFDE3F}"
EndProject
Global
	GlobalSection(SolutionConfigurationPlatforms) = preSolution
		Debug|Any CPU = Debug|Any CPU
		Release|Any CPU = Release|Any CPU
	EndGlobalSection
	GlobalSection(ProjectConfigurationPlatforms) = postSolution
		{B0BEA72E-16C8-4413-BB07-1D824E96429C}.Debug|Any CPU.ActiveCfg = Debug|Any CPU
		{B0BEA72E-16C8-4413-BB07-1D824E96429C}.Debug|Any CPU.Build.0 = Debug|Any CPU
		{B0BEA72E-16C8-4413-BB07-1D824E96429C}.Release|Any CPU.ActiveCfg = Release|Any CPU
		{B0BEA72E-16C8-4413-BB07-1D824E96429C}.Release|Any CPU.Build.0 = Release|Any CPU
		{4611D48C-9867-4C89-8231-3AD8461E442D}.Debug|Any CPU.ActiveCfg = Debug|Any CPU
		{4611D48C-9867-4C89-8231-3AD8461E442D}.Debug|Any CPU.Build.0 = Debug|Any CPU
		{4611D48C-9867-4C89-8231-3AD8461E442D}.Release|Any CPU.ActiveCfg = Release|Any CPU
		{4611D48C-9867-4C89-8231-3AD8461E442D}.Release|Any CPU.Build.0 = Release|Any CPU
		{19571AF4-2E75-47FE-B15F-B405B4A685B1}.Debug|Any CPU.ActiveCfg = Debug|Any CPU
		{19571AF4-2E75-47FE-B15F-B405B4A685B1}.Debug|Any CPU.Build.0 = Debug|Any CPU
		{19571AF4-2E75-47FE-B15F-B405B4A685B1}.Release|Any CPU.ActiveCfg = Release|Any CPU
		{19571AF4-2E75-47FE-B15F-B405B4A685B1}.Release|Any CPU.Build.0 = Release|Any CPU
	EndGlobalSection
	GlobalSection(SolutionProperties) = preSolution
		HideSolutionNode = FALSE
	EndGlobalSection
	GlobalSection(NestedProjects) = preSolution
		{B0BEA72E-16C8-4413-BB07-1D824E96429C} = {5B9234D7-0A71-4934-8C61-3F3763EE6596}
		{4611D48C-9867-4C89-8231-3AD8461E442D} = {5B9234D7-0A71-4934-8C61-3F3763EE6596}
		{19571AF4-2E75-47FE-B15F-B405B4A685B1} = {5B9234D7-0A71-4934-8C61-3F3763EE6596}
	EndGlobalSection
	GlobalSection(ExtensibilityGlobals) = postSolution
		SolutionGuid = {81C18C2F-5C3D-4C8A-93E1-76F0F6DC81D4}
	EndGlobalSection
EndGlobal
